
Microsoft Visual Studio Solution File, Format Version 12.00
Project("{FAE04EC0-301F-11D3-BF4B-00C04F79EFBC}") = "MW.Core", "MW.Core\MW.Core.csproj", "{524FD6F1-D1B6-4CFD-A636-781678557E51}"
EndProject
Project("{FAE04EC0-301F-11D3-BF4B-00C04F79EFBC}") = "MW.Application.Abstractions", "MW.Application.Abstractions\MW.Application.Abstractions.csproj", "{D579BCBB-9E40-42AB-ACBF-7D36FA2C4EB2}"
EndProject
Project("{FAE04EC0-301F-11D3-BF4B-00C04F79EFBC}") = "MW.Persistence.Abstractions", "MW.Persistence.Abstractions\MW.Persistence.Abstractions.csproj", "{F8464EC6-D6EF-422D-967F-B25C8A1FB3E9}"
EndProject
Project("{FAE04EC0-301F-11D3-BF4B-00C04F79EFBC}") = "MW.Persistence.EntityFrameworkCore", "MW.Persistence.EntityFrameworkCore\MW.Persistence.EntityFrameworkCore.csproj", "{97BCDDE3-F4A5-48DB-B958-A7F131F72EE3}"
EndProject
Project("{FAE04EC0-301F-11D3-BF4B-00C04F79EFBC}") = "MW.Persistence.DependencyInjection", "MW.Persistence.DependencyInjection\MW.Persistence.DependencyInjection.csproj", "{A834D6E4-9117-4DE4-AA5C-1E75A8C16523}"
EndProject
Project("{2150E333-8FDC-42A3-9474-1A3956D46DE8}") = "tests", "tests", "{0AB3BF05-4346-4AA6-1389-037BE0695223}"
EndProject
Project("{FAE04EC0-301F-11D3-BF4B-00C04F79EFBC}") = "MW.Persistence.Tests.Shared", "tests\MW.Persistence.Tests.Shared\MW.Persistence.Tests.Shared.csproj", "{7E8D3B96-C732-49AB-966A-A227A3910BAD}"
EndProject
Project("{FAE04EC0-301F-11D3-BF4B-00C04F79EFBC}") = "MW.Persistence.Tests.Unit", "tests\MW.Persistence.Tests.Unit\MW.Persistence.Tests.Unit.csproj", "{79BC970C-E72A-4477-BF1D-F6906F3DDA7C}"
EndProject
Project("{FAE04EC0-301F-11D3-BF4B-00C04F79EFBC}") = "MW.Persistence.Tests.Integration", "tests\MW.Persistence.Tests.Integration\MW.Persistence.Tests.Integration.csproj", "{B7CBA08D-157B-42FE-A651-0CA61A1E6C29}"
EndProject
Project("{FAE04EC0-301F-11D3-BF4B-00C04F79EFBC}") = "MW.Persistence.Tests.Architecture", "tests\MW.Persistence.Tests.Architecture\MW.Persistence.Tests.Architecture.csproj", "{690138FD-F7AE-4F28-A76F-133F46B3362D}"
EndProject
Project("{FAE04EC0-301F-11D3-BF4B-00C04F79EFBC}") = "MW.Identity.Token", "MW.Identity.Token\MW.Identity.Token.csproj", "{1C16D49F-ED5A-4137-93EE-7BBFBF672812}"
EndProject
Project("{FAE04EC0-301F-11D3-BF4B-00C04F79EFBC}") = "MW.Identity.Token.Tests", "tests\MW.Identity.Token.Tests\MW.Identity.Token.Tests.csproj", "{F6DBD589-05D8-41CD-B7DE-0B824B955ADF}"
EndProject
Project("{2150E333-8FDC-42A3-9474-1A3956D46DE8}") = "Domain", "Domain", "{BB7A63B6-A7B2-410A-B10E-C89438FACA5C}"
EndProject
Project("{2150E333-8FDC-42A3-9474-1A3956D46DE8}") = "Repository", "Repository", "{9D5C5D7D-637C-4160-9105-389184CF1FA2}"
EndProject
Project("{2150E333-8FDC-42A3-9474-1A3956D46DE8}") = "Identity", "Identity", "{E0385FB8-67BB-47A4-9040-92C3A0B2DEB3}"
EndProject
Project("{FAE04EC0-301F-11D3-BF4B-00C04F79EFBC}") = "MW.Messaging.Abstractions", "MW.Messaging.Abstractions\MW.Messaging.Abstractions.csproj", "{32638753-758A-4EC7-9E53-716012A91DDC}"
EndProject
Project("{2150E333-8FDC-42A3-9474-1A3956D46DE8}") = "Message", "Message", "{6208DFA6-DA78-451C-B7DC-11D136A4C64A}"
EndProject
Project("{FAE04EC0-301F-11D3-BF4B-00C04F79EFBC}") = "MW.Messaging.MassTransit", "MW.Messaging.MassTransit\MW.Messaging.MassTransit.csproj", "{D66D44E2-3A7E-4324-B6D5-99E7F034DBD1}"
EndProject
Global
	GlobalSection(SolutionConfigurationPlatforms) = preSolution
		Debug|Any CPU = Debug|Any CPU
		Debug|x64 = Debug|x64
		Debug|x86 = Debug|x86
		Release|Any CPU = Release|Any CPU
		Release|x64 = Release|x64
		Release|x86 = Release|x86
	EndGlobalSection
	GlobalSection(ProjectConfigurationPlatforms) = postSolution
		{524FD6F1-D1B6-4CFD-A636-781678557E51}.Debug|Any CPU.ActiveCfg = Debug|Any CPU
		{524FD6F1-D1B6-4CFD-A636-781678557E51}.Debug|Any CPU.Build.0 = Debug|Any CPU
		{524FD6F1-D1B6-4CFD-A636-781678557E51}.Debug|x64.ActiveCfg = Debug|Any CPU
		{524FD6F1-D1B6-4CFD-A636-781678557E51}.Debug|x64.Build.0 = Debug|Any CPU
		{524FD6F1-D1B6-4CFD-A636-781678557E51}.Debug|x86.ActiveCfg = Debug|Any CPU
		{524FD6F1-D1B6-4CFD-A636-781678557E51}.Debug|x86.Build.0 = Debug|Any CPU
		{524FD6F1-D1B6-4CFD-A636-781678557E51}.Release|Any CPU.ActiveCfg = Release|Any CPU
		{524FD6F1-D1B6-4CFD-A636-781678557E51}.Release|Any CPU.Build.0 = Release|Any CPU
		{524FD6F1-D1B6-4CFD-A636-781678557E51}.Release|x64.ActiveCfg = Release|Any CPU
		{524FD6F1-D1B6-4CFD-A636-781678557E51}.Release|x64.Build.0 = Release|Any CPU
		{524FD6F1-D1B6-4CFD-A636-781678557E51}.Release|x86.ActiveCfg = Release|Any CPU
		{524FD6F1-D1B6-4CFD-A636-781678557E51}.Release|x86.Build.0 = Release|Any CPU
		{D579BCBB-9E40-42AB-ACBF-7D36FA2C4EB2}.Debug|Any CPU.ActiveCfg = Debug|Any CPU
		{D579BCBB-9E40-42AB-ACBF-7D36FA2C4EB2}.Debug|Any CPU.Build.0 = Debug|Any CPU
		{D579BCBB-9E40-42AB-ACBF-7D36FA2C4EB2}.Debug|x64.ActiveCfg = Debug|Any CPU
		{D579BCBB-9E40-42AB-ACBF-7D36FA2C4EB2}.Debug|x64.Build.0 = Debug|Any CPU
		{D579BCBB-9E40-42AB-ACBF-7D36FA2C4EB2}.Debug|x86.ActiveCfg = Debug|Any CPU
		{D579BCBB-9E40-42AB-ACBF-7D36FA2C4EB2}.Debug|x86.Build.0 = Debug|Any CPU
		{D579BCBB-9E40-42AB-ACBF-7D36FA2C4EB2}.Release|Any CPU.ActiveCfg = Release|Any CPU
		{D579BCBB-9E40-42AB-ACBF-7D36FA2C4EB2}.Release|Any CPU.Build.0 = Release|Any CPU
		{D579BCBB-9E40-42AB-ACBF-7D36FA2C4EB2}.Release|x64.ActiveCfg = Release|Any CPU
		{D579BCBB-9E40-42AB-ACBF-7D36FA2C4EB2}.Release|x64.Build.0 = Release|Any CPU
		{D579BCBB-9E40-42AB-ACBF-7D36FA2C4EB2}.Release|x86.ActiveCfg = Release|Any CPU
		{D579BCBB-9E40-42AB-ACBF-7D36FA2C4EB2}.Release|x86.Build.0 = Release|Any CPU
		{F8464EC6-D6EF-422D-967F-B25C8A1FB3E9}.Debug|Any CPU.ActiveCfg = Debug|Any CPU
		{F8464EC6-D6EF-422D-967F-B25C8A1FB3E9}.Debug|Any CPU.Build.0 = Debug|Any CPU
		{F8464EC6-D6EF-422D-967F-B25C8A1FB3E9}.Debug|x64.ActiveCfg = Debug|Any CPU
		{F8464EC6-D6EF-422D-967F-B25C8A1FB3E9}.Debug|x64.Build.0 = Debug|Any CPU
		{F8464EC6-D6EF-422D-967F-B25C8A1FB3E9}.Debug|x86.ActiveCfg = Debug|Any CPU
		{F8464EC6-D6EF-422D-967F-B25C8A1FB3E9}.Debug|x86.Build.0 = Debug|Any CPU
		{F8464EC6-D6EF-422D-967F-B25C8A1FB3E9}.Release|Any CPU.ActiveCfg = Release|Any CPU
		{F8464EC6-D6EF-422D-967F-B25C8A1FB3E9}.Release|Any CPU.Build.0 = Release|Any CPU
		{F8464EC6-D6EF-422D-967F-B25C8A1FB3E9}.Release|x64.ActiveCfg = Release|Any CPU
		{F8464EC6-D6EF-422D-967F-B25C8A1FB3E9}.Release|x64.Build.0 = Release|Any CPU
		{F8464EC6-D6EF-422D-967F-B25C8A1FB3E9}.Release|x86.ActiveCfg = Release|Any CPU
		{F8464EC6-D6EF-422D-967F-B25C8A1FB3E9}.Release|x86.Build.0 = Release|Any CPU
		{97BCDDE3-F4A5-48DB-B958-A7F131F72EE3}.Debug|Any CPU.ActiveCfg = Debug|Any CPU
		{97BCDDE3-F4A5-48DB-B958-A7F131F72EE3}.Debug|Any CPU.Build.0 = Debug|Any CPU
		{97BCDDE3-F4A5-48DB-B958-A7F131F72EE3}.Debug|x64.ActiveCfg = Debug|Any CPU
		{97BCDDE3-F4A5-48DB-B958-A7F131F72EE3}.Debug|x64.Build.0 = Debug|Any CPU
		{97BCDDE3-F4A5-48DB-B958-A7F131F72EE3}.Debug|x86.ActiveCfg = Debug|Any CPU
		{97BCDDE3-F4A5-48DB-B958-A7F131F72EE3}.Debug|x86.Build.0 = Debug|Any CPU
		{97BCDDE3-F4A5-48DB-B958-A7F131F72EE3}.Release|Any CPU.ActiveCfg = Release|Any CPU
		{97BCDDE3-F4A5-48DB-B958-A7F131F72EE3}.Release|Any CPU.Build.0 = Release|Any CPU
		{97BCDDE3-F4A5-48DB-B958-A7F131F72EE3}.Release|x64.ActiveCfg = Release|Any CPU
		{97BCDDE3-F4A5-48DB-B958-A7F131F72EE3}.Release|x64.Build.0 = Release|Any CPU
		{97BCDDE3-F4A5-48DB-B958-A7F131F72EE3}.Release|x86.ActiveCfg = Release|Any CPU
		{97BCDDE3-F4A5-48DB-B958-A7F131F72EE3}.Release|x86.Build.0 = Release|Any CPU
		{A834D6E4-9117-4DE4-AA5C-1E75A8C16523}.Debug|Any CPU.ActiveCfg = Debug|Any CPU
		{A834D6E4-9117-4DE4-AA5C-1E75A8C16523}.Debug|Any CPU.Build.0 = Debug|Any CPU
		{A834D6E4-9117-4DE4-AA5C-1E75A8C16523}.Debug|x64.ActiveCfg = Debug|Any CPU
		{A834D6E4-9117-4DE4-AA5C-1E75A8C16523}.Debug|x64.Build.0 = Debug|Any CPU
		{A834D6E4-9117-4DE4-AA5C-1E75A8C16523}.Debug|x86.ActiveCfg = Debug|Any CPU
		{A834D6E4-9117-4DE4-AA5C-1E75A8C16523}.Debug|x86.Build.0 = Debug|Any CPU
		{A834D6E4-9117-4DE4-AA5C-1E75A8C16523}.Release|Any CPU.ActiveCfg = Release|Any CPU
		{A834D6E4-9117-4DE4-AA5C-1E75A8C16523}.Release|Any CPU.Build.0 = Release|Any CPU
		{A834D6E4-9117-4DE4-AA5C-1E75A8C16523}.Release|x64.ActiveCfg = Release|Any CPU
		{A834D6E4-9117-4DE4-AA5C-1E75A8C16523}.Release|x64.Build.0 = Release|Any CPU
		{A834D6E4-9117-4DE4-AA5C-1E75A8C16523}.Release|x86.ActiveCfg = Release|Any CPU
		{A834D6E4-9117-4DE4-AA5C-1E75A8C16523}.Release|x86.Build.0 = Release|Any CPU
		{7E8D3B96-C732-49AB-966A-A227A3910BAD}.Debug|Any CPU.ActiveCfg = Debug|Any CPU
		{7E8D3B96-C732-49AB-966A-A227A3910BAD}.Debug|Any CPU.Build.0 = Debug|Any CPU
		{7E8D3B96-C732-49AB-966A-A227A3910BAD}.Debug|x64.ActiveCfg = Debug|Any CPU
		{7E8D3B96-C732-49AB-966A-A227A3910BAD}.Debug|x64.Build.0 = Debug|Any CPU
		{7E8D3B96-C732-49AB-966A-A227A3910BAD}.Debug|x86.ActiveCfg = Debug|Any CPU
		{7E8D3B96-C732-49AB-966A-A227A3910BAD}.Debug|x86.Build.0 = Debug|Any CPU
		{7E8D3B96-C732-49AB-966A-A227A3910BAD}.Release|Any CPU.ActiveCfg = Release|Any CPU
		{7E8D3B96-C732-49AB-966A-A227A3910BAD}.Release|Any CPU.Build.0 = Release|Any CPU
		{7E8D3B96-C732-49AB-966A-A227A3910BAD}.Release|x64.ActiveCfg = Release|Any CPU
		{7E8D3B96-C732-49AB-966A-A227A3910BAD}.Release|x64.Build.0 = Release|Any CPU
		{7E8D3B96-C732-49AB-966A-A227A3910BAD}.Release|x86.ActiveCfg = Release|Any CPU
		{7E8D3B96-C732-49AB-966A-A227A3910BAD}.Release|x86.Build.0 = Release|Any CPU
		{79BC970C-E72A-4477-BF1D-F6906F3DDA7C}.Debug|Any CPU.ActiveCfg = Debug|Any CPU
		{79BC970C-E72A-4477-BF1D-F6906F3DDA7C}.Debug|Any CPU.Build.0 = Debug|Any CPU
		{79BC970C-E72A-4477-BF1D-F6906F3DDA7C}.Debug|x64.ActiveCfg = Debug|Any CPU
		{79BC970C-E72A-4477-BF1D-F6906F3DDA7C}.Debug|x64.Build.0 = Debug|Any CPU
		{79BC970C-E72A-4477-BF1D-F6906F3DDA7C}.Debug|x86.ActiveCfg = Debug|Any CPU
		{79BC970C-E72A-4477-BF1D-F6906F3DDA7C}.Debug|x86.Build.0 = Debug|Any CPU
		{79BC970C-E72A-4477-BF1D-F6906F3DDA7C}.Release|Any CPU.ActiveCfg = Release|Any CPU
		{79BC970C-E72A-4477-BF1D-F6906F3DDA7C}.Release|Any CPU.Build.0 = Release|Any CPU
		{79BC970C-E72A-4477-BF1D-F6906F3DDA7C}.Release|x64.ActiveCfg = Release|Any CPU
		{79BC970C-E72A-4477-BF1D-F6906F3DDA7C}.Release|x64.Build.0 = Release|Any CPU
		{79BC970C-E72A-4477-BF1D-F6906F3DDA7C}.Release|x86.ActiveCfg = Release|Any CPU
		{79BC970C-E72A-4477-BF1D-F6906F3DDA7C}.Release|x86.Build.0 = Release|Any CPU
		{B7CBA08D-157B-42FE-A651-0CA61A1E6C29}.Debug|Any CPU.ActiveCfg = Debug|Any CPU
		{B7CBA08D-157B-42FE-A651-0CA61A1E6C29}.Debug|Any CPU.Build.0 = Debug|Any CPU
		{B7CBA08D-157B-42FE-A651-0CA61A1E6C29}.Debug|x64.ActiveCfg = Debug|Any CPU
		{B7CBA08D-157B-42FE-A651-0CA61A1E6C29}.Debug|x64.Build.0 = Debug|Any CPU
		{B7CBA08D-157B-42FE-A651-0CA61A1E6C29}.Debug|x86.ActiveCfg = Debug|Any CPU
		{B7CBA08D-157B-42FE-A651-0CA61A1E6C29}.Debug|x86.Build.0 = Debug|Any CPU
		{B7CBA08D-157B-42FE-A651-0CA61A1E6C29}.Release|Any CPU.ActiveCfg = Release|Any CPU
		{B7CBA08D-157B-42FE-A651-0CA61A1E6C29}.Release|Any CPU.Build.0 = Release|Any CPU
		{B7CBA08D-157B-42FE-A651-0CA61A1E6C29}.Release|x64.ActiveCfg = Release|Any CPU
		{B7CBA08D-157B-42FE-A651-0CA61A1E6C29}.Release|x64.Build.0 = Release|Any CPU
		{B7CBA08D-157B-42FE-A651-0CA61A1E6C29}.Release|x86.ActiveCfg = Release|Any CPU
		{B7CBA08D-157B-42FE-A651-0CA61A1E6C29}.Release|x86.Build.0 = Release|Any CPU
		{690138FD-F7AE-4F28-A76F-133F46B3362D}.Debug|Any CPU.ActiveCfg = Debug|Any CPU
		{690138FD-F7AE-4F28-A76F-133F46B3362D}.Debug|Any CPU.Build.0 = Debug|Any CPU
		{690138FD-F7AE-4F28-A76F-133F46B3362D}.Debug|x64.ActiveCfg = Debug|Any CPU
		{690138FD-F7AE-4F28-A76F-133F46B3362D}.Debug|x64.Build.0 = Debug|Any CPU
		{690138FD-F7AE-4F28-A76F-133F46B3362D}.Debug|x86.ActiveCfg = Debug|Any CPU
		{690138FD-F7AE-4F28-A76F-133F46B3362D}.Debug|x86.Build.0 = Debug|Any CPU
		{690138FD-F7AE-4F28-A76F-133F46B3362D}.Release|Any CPU.ActiveCfg = Release|Any CPU
		{690138FD-F7AE-4F28-A76F-133F46B3362D}.Release|Any CPU.Build.0 = Release|Any CPU
		{690138FD-F7AE-4F28-A76F-133F46B3362D}.Release|x64.ActiveCfg = Release|Any CPU
		{690138FD-F7AE-4F28-A76F-133F46B3362D}.Release|x64.Build.0 = Release|Any CPU
		{690138FD-F7AE-4F28-A76F-133F46B3362D}.Release|x86.ActiveCfg = Release|Any CPU
		{690138FD-F7AE-4F28-A76F-133F46B3362D}.Release|x86.Build.0 = Release|Any CPU
		{1C16D49F-ED5A-4137-93EE-7BBFBF672812}.Debug|Any CPU.ActiveCfg = Debug|Any CPU
		{1C16D49F-ED5A-4137-93EE-7BBFBF672812}.Debug|Any CPU.Build.0 = Debug|Any CPU
		{1C16D49F-ED5A-4137-93EE-7BBFBF672812}.Debug|x64.ActiveCfg = Debug|Any CPU
		{1C16D49F-ED5A-4137-93EE-7BBFBF672812}.Debug|x64.Build.0 = Debug|Any CPU
		{1C16D49F-ED5A-4137-93EE-7BBFBF672812}.Debug|x86.ActiveCfg = Debug|Any CPU
		{1C16D49F-ED5A-4137-93EE-7BBFBF672812}.Debug|x86.Build.0 = Debug|Any CPU
		{1C16D49F-ED5A-4137-93EE-7BBFBF672812}.Release|Any CPU.ActiveCfg = Release|Any CPU
		{1C16D49F-ED5A-4137-93EE-7BBFBF672812}.Release|Any CPU.Build.0 = Release|Any CPU
		{1C16D49F-ED5A-4137-93EE-7BBFBF672812}.Release|x64.ActiveCfg = Release|Any CPU
		{1C16D49F-ED5A-4137-93EE-7BBFBF672812}.Release|x64.Build.0 = Release|Any CPU
		{1C16D49F-ED5A-4137-93EE-7BBFBF672812}.Release|x86.ActiveCfg = Release|Any CPU
		{1C16D49F-ED5A-4137-93EE-7BBFBF672812}.Release|x86.Build.0 = Release|Any CPU
		{F6DBD589-05D8-41CD-B7DE-0B824B955ADF}.Debug|Any CPU.ActiveCfg = Debug|Any CPU
		{F6DBD589-05D8-41CD-B7DE-0B824B955ADF}.Debug|Any CPU.Build.0 = Debug|Any CPU
		{F6DBD589-05D8-41CD-B7DE-0B824B955ADF}.Debug|x64.ActiveCfg = Debug|Any CPU
		{F6DBD589-05D8-41CD-B7DE-0B824B955ADF}.Debug|x64.Build.0 = Debug|Any CPU
		{F6DBD589-05D8-41CD-B7DE-0B824B955ADF}.Debug|x86.ActiveCfg = Debug|Any CPU
		{F6DBD589-05D8-41CD-B7DE-0B824B955ADF}.Debug|x86.Build.0 = Debug|Any CPU
		{F6DBD589-05D8-41CD-B7DE-0B824B955ADF}.Release|Any CPU.ActiveCfg = Release|Any CPU
		{F6DBD589-05D8-41CD-B7DE-0B824B955ADF}.Release|Any CPU.Build.0 = Release|Any CPU
		{F6DBD589-05D8-41CD-B7DE-0B824B955ADF}.Release|x64.ActiveCfg = Release|Any CPU
		{F6DBD589-05D8-41CD-B7DE-0B824B955ADF}.Release|x64.Build.0 = Release|Any CPU
		{F6DBD589-05D8-41CD-B7DE-0B824B955ADF}.Release|x86.ActiveCfg = Release|Any CPU
		{F6DBD589-05D8-41CD-B7DE-0B824B955ADF}.Release|x86.Build.0 = Release|Any CPU
		{32638753-758A-4EC7-9E53-716012A91DDC}.Debug|Any CPU.ActiveCfg = Debug|Any CPU
		{32638753-758A-4EC7-9E53-716012A91DDC}.Debug|Any CPU.Build.0 = Debug|Any CPU
		{32638753-758A-4EC7-9E53-716012A91DDC}.Debug|x64.ActiveCfg = Debug|Any CPU
		{32638753-758A-4EC7-9E53-716012A91DDC}.Debug|x64.Build.0 = Debug|Any CPU
		{32638753-758A-4EC7-9E53-716012A91DDC}.Debug|x86.ActiveCfg = Debug|Any CPU
		{32638753-758A-4EC7-9E53-716012A91DDC}.Debug|x86.Build.0 = Debug|Any CPU
		{32638753-758A-4EC7-9E53-716012A91DDC}.Release|Any CPU.ActiveCfg = Release|Any CPU
		{32638753-758A-4EC7-9E53-716012A91DDC}.Release|Any CPU.Build.0 = Release|Any CPU
		{32638753-758A-4EC7-9E53-716012A91DDC}.Release|x64.ActiveCfg = Release|Any CPU
		{32638753-758A-4EC7-9E53-716012A91DDC}.Release|x64.Build.0 = Release|Any CPU
		{32638753-758A-4EC7-9E53-716012A91DDC}.Release|x86.ActiveCfg = Release|Any CPU
		{32638753-758A-4EC7-9E53-716012A91DDC}.Release|x86.Build.0 = Release|Any CPU
		{D66D44E2-3A7E-4324-B6D5-99E7F034DBD1}.Debug|Any CPU.ActiveCfg = Debug|Any CPU
		{D66D44E2-3A7E-4324-B6D5-99E7F034DBD1}.Debug|Any CPU.Build.0 = Debug|Any CPU
		{D66D44E2-3A7E-4324-B6D5-99E7F034DBD1}.Debug|x64.ActiveCfg = Debug|Any CPU
		{D66D44E2-3A7E-4324-B6D5-99E7F034DBD1}.Debug|x64.Build.0 = Debug|Any CPU
		{D66D44E2-3A7E-4324-B6D5-99E7F034DBD1}.Debug|x86.ActiveCfg = Debug|Any CPU
		{D66D44E2-3A7E-4324-B6D5-99E7F034DBD1}.Debug|x86.Build.0 = Debug|Any CPU
		{D66D44E2-3A7E-4324-B6D5-99E7F034DBD1}.Release|Any CPU.ActiveCfg = Release|Any CPU
		{D66D44E2-3A7E-4324-B6D5-99E7F034DBD1}.Release|Any CPU.Build.0 = Release|Any CPU
		{D66D44E2-3A7E-4324-B6D5-99E7F034DBD1}.Release|x64.ActiveCfg = Release|Any CPU
		{D66D44E2-3A7E-4324-B6D5-99E7F034DBD1}.Release|x64.Build.0 = Release|Any CPU
		{D66D44E2-3A7E-4324-B6D5-99E7F034DBD1}.Release|x86.ActiveCfg = Release|Any CPU
		{D66D44E2-3A7E-4324-B6D5-99E7F034DBD1}.Release|x86.Build.0 = Release|Any CPU
	EndGlobalSection
	GlobalSection(SolutionProperties) = preSolution
		HideSolutionNode = FALSE
	EndGlobalSection
	GlobalSection(NestedProjects) = preSolution
		{524FD6F1-D1B6-4CFD-A636-781678557E51} = {BB7A63B6-A7B2-410A-B10E-C89438FACA5C}
		{D579BCBB-9E40-42AB-ACBF-7D36FA2C4EB2} = {BB7A63B6-A7B2-410A-B10E-C89438FACA5C}
		{F8464EC6-D6EF-422D-967F-B25C8A1FB3E9} = {9D5C5D7D-637C-4160-9105-389184CF1FA2}
		{97BCDDE3-F4A5-48DB-B958-A7F131F72EE3} = {9D5C5D7D-637C-4160-9105-389184CF1FA2}
		{A834D6E4-9117-4DE4-AA5C-1E75A8C16523} = {9D5C5D7D-637C-4160-9105-389184CF1FA2}
		{7E8D3B96-C732-49AB-966A-A227A3910BAD} = {0AB3BF05-4346-4AA6-1389-037BE0695223}
		{79BC970C-E72A-4477-BF1D-F6906F3DDA7C} = {0AB3BF05-4346-4AA6-1389-037BE0695223}
		{B7CBA08D-157B-42FE-A651-0CA61A1E6C29} = {0AB3BF05-4346-4AA6-1389-037BE0695223}
		{690138FD-F7AE-4F28-A76F-133F46B3362D} = {0AB3BF05-4346-4AA6-1389-037BE0695223}
		{1C16D49F-ED5A-4137-93EE-7BBFBF672812} = {E0385FB8-67BB-47A4-9040-92C3A0B2DEB3}
		{F6DBD589-05D8-41CD-B7DE-0B824B955ADF} = {0AB3BF05-4346-4AA6-1389-037BE0695223}
		{32638753-758A-4EC7-9E53-716012A91DDC} = {6208DFA6-DA78-451C-B7DC-11D136A4C64A}
		{D66D44E2-3A7E-4324-B6D5-99E7F034DBD1} = {6208DFA6-DA78-451C-B7DC-11D136A4C64A}
	EndGlobalSection
EndGlobal
